
Microsoft Visual Studio Solution File, Format Version 12.00
# Visual Studio Version 17
VisualStudioVersion = 17.11.35219.272
MinimumVisualStudioVersion = 10.0.40219.1
Project("{FAE04EC0-301F-11D3-BF4B-00C04F79EFBC}") = "GameTime", "GameTime\GameTime.csproj", "{DC22F448-5735-42FE-8920-17156DC1EE30}"
EndProject
Global
	GlobalSection(SolutionConfigurationPlatforms) = preSolution
		Debug|Any CPU = Debug|Any CPU
		Release|Any CPU = Release|Any CPU
	EndGlobalSection
	GlobalSection(ProjectConfigurationPlatforms) = postSolution
		{DC22F448-5735-42FE-8920-17156DC1EE30}.Debug|Any CPU.ActiveCfg = Debug|Any CPU
		{DC22F448-5735-42FE-8920-17156DC1EE30}.Debug|Any CPU.Build.0 = Debug|Any CPU
		{DC22F448-5735-42FE-8920-17156DC1EE30}.Release|Any CPU.ActiveCfg = Release|Any CPU
		{DC22F448-5735-42FE-8920-17156DC1EE30}.Release|Any CPU.Build.0 = Release|Any CPU
	EndGlobalSection
	GlobalSection(SolutionProperties) = preSolution
		HideSolutionNode = FALSE
	EndGlobalSection
	GlobalSection(ExtensibilityGlobals) = postSolution
		SolutionGuid = {F8EA6861-5CBE-4776-BAC8-F6BB7705C92F}
	EndGlobalSection
EndGlobal
